
Microsoft Visual Studio Solution File, Format Version 12.00
# Visual Studio Version 16
VisualStudioVersion = 16.0.30517.126
MinimumVisualStudioVersion = 10.0.40219.1
Project("{9A19103F-16F7-4668-BE54-9A1E7A4F7556}") = "PackageSearch", "PackageService\PackageSearch.csproj", "{79840F30-A768-401E-B136-D8B4B98AC338}"
EndProject
Global
	GlobalSection(SolutionConfigurationPlatforms) = preSolution
		Debug|Any CPU = Debug|Any CPU
		Release|Any CPU = Release|Any CPU
	EndGlobalSection
	GlobalSection(ProjectConfigurationPlatforms) = postSolution
		{79840F30-A768-401E-B136-D8B4B98AC338}.Debug|Any CPU.ActiveCfg = Debug|Any CPU
		{79840F30-A768-401E-B136-D8B4B98AC338}.Debug|Any CPU.Build.0 = Debug|Any CPU
		{79840F30-A768-401E-B136-D8B4B98AC338}.Release|Any CPU.ActiveCfg = Release|Any CPU
		{79840F30-A768-401E-B136-D8B4B98AC338}.Release|Any CPU.Build.0 = Release|Any CPU
	EndGlobalSection
	GlobalSection(SolutionProperties) = preSolution
		HideSolutionNode = FALSE
	EndGlobalSection
	GlobalSection(ExtensibilityGlobals) = postSolution
		SolutionGuid = {977DB1F8-27D5-42E1-B651-F06797D8AE7D}
	EndGlobalSection
EndGlobal
